
Microsoft Visual Studio Solution File, Format Version 12.00
# Visual Studio 15
VisualStudioVersion = 15.0.28307.572
MinimumVisualStudioVersion = 10.0.40219.1
Project("{FAE04EC0-301F-11D3-BF4B-00C04F79EFBC}") = "WebApplication1", "WebApplication1\WebApplication1.csproj", "{02965E7B-4485-4A61-A7EE-B1B3A26C7A72}"
EndProject
Project("{FAE04EC0-301F-11D3-BF4B-00C04F79EFBC}") = "WindowsService1", "WindowsService1\WindowsService1.csproj", "{7D871AA6-94DA-47B1-AF80-5FE4B8350948}"
EndProject
Global
	GlobalSection(SolutionConfigurationPlatforms) = preSolution
		Debug|Any CPU = Debug|Any CPU
		Release|Any CPU = Release|Any CPU
	EndGlobalSection
	GlobalSection(ProjectConfigurationPlatforms) = postSolution
		{02965E7B-4485-4A61-A7EE-B1B3A26C7A72}.Debug|Any CPU.ActiveCfg = Debug|Any CPU
		{02965E7B-4485-4A61-A7EE-B1B3A26C7A72}.Debug|Any CPU.Build.0 = Debug|Any CPU
		{02965E7B-4485-4A61-A7EE-B1B3A26C7A72}.Release|Any CPU.ActiveCfg = Release|Any CPU
		{02965E7B-4485-4A61-A7EE-B1B3A26C7A72}.Release|Any CPU.Build.0 = Release|Any CPU
		{7D871AA6-94DA-47B1-AF80-5FE4B8350948}.Debug|Any CPU.ActiveCfg = Debug|Any CPU
		{7D871AA6-94DA-47B1-AF80-5FE4B8350948}.Debug|Any CPU.Build.0 = Debug|Any CPU
		{7D871AA6-94DA-47B1-AF80-5FE4B8350948}.Release|Any CPU.ActiveCfg = Release|Any CPU
		{7D871AA6-94DA-47B1-AF80-5FE4B8350948}.Release|Any CPU.Build.0 = Release|Any CPU
	EndGlobalSection
	GlobalSection(SolutionProperties) = preSolution
		HideSolutionNode = FALSE
	EndGlobalSection
	GlobalSection(ExtensibilityGlobals) = postSolution
		SolutionGuid = {C3557F27-1C18-4E76-859D-4FECCFBF974A}
	EndGlobalSection
EndGlobal
