
Microsoft Visual Studio Solution File, Format Version 12.00
# Visual Studio Version 16
VisualStudioVersion = 16.0.30503.244
MinimumVisualStudioVersion = 10.0.40219.1
Project("{FAE04EC0-301F-11D3-BF4B-00C04F79EFBC}") = "WebApplication1", "WebApplication1\WebApplication1.csproj", "{EEFDDBDB-1B3C-4DA2-9DDD-D1BF9B05FCF8}"
EndProject
Project("{FAE04EC0-301F-11D3-BF4B-00C04F79EFBC}") = "WorkerService1", "WorkerService1\WorkerService1.csproj", "{4ACE3275-221B-44F4-BC14-ED3F7C2E4BC5}"
EndProject
Project("{2150E333-8FDC-42A3-9474-1A3956D46DE8}") = "Solution Items", "Solution Items", "{14A5FD27-26B0-425F-B4D8-EC70E69298FD}"
	ProjectSection(SolutionItems) = preProject
		docker-compose.yaml = docker-compose.yaml
	EndProjectSection
EndProject
Global
	GlobalSection(SolutionConfigurationPlatforms) = preSolution
		Debug|Any CPU = Debug|Any CPU
		Release|Any CPU = Release|Any CPU
	EndGlobalSection
	GlobalSection(ProjectConfigurationPlatforms) = postSolution
		{EEFDDBDB-1B3C-4DA2-9DDD-D1BF9B05FCF8}.Debug|Any CPU.ActiveCfg = Debug|Any CPU
		{EEFDDBDB-1B3C-4DA2-9DDD-D1BF9B05FCF8}.Debug|Any CPU.Build.0 = Debug|Any CPU
		{EEFDDBDB-1B3C-4DA2-9DDD-D1BF9B05FCF8}.Release|Any CPU.ActiveCfg = Release|Any CPU
		{EEFDDBDB-1B3C-4DA2-9DDD-D1BF9B05FCF8}.Release|Any CPU.Build.0 = Release|Any CPU
		{4ACE3275-221B-44F4-BC14-ED3F7C2E4BC5}.Debug|Any CPU.ActiveCfg = Debug|Any CPU
		{4ACE3275-221B-44F4-BC14-ED3F7C2E4BC5}.Debug|Any CPU.Build.0 = Debug|Any CPU
		{4ACE3275-221B-44F4-BC14-ED3F7C2E4BC5}.Release|Any CPU.ActiveCfg = Release|Any CPU
		{4ACE3275-221B-44F4-BC14-ED3F7C2E4BC5}.Release|Any CPU.Build.0 = Release|Any CPU
	EndGlobalSection
	GlobalSection(SolutionProperties) = preSolution
		HideSolutionNode = FALSE
	EndGlobalSection
	GlobalSection(ExtensibilityGlobals) = postSolution
		SolutionGuid = {E984DF8F-3911-4DA8-B5E1-C2EE3DFE9941}
	EndGlobalSection
EndGlobal
