
Microsoft Visual Studio Solution File, Format Version 12.00
# Visual Studio Version 16
VisualStudioVersion = 16.0.30225.117
MinimumVisualStudioVersion = 10.0.40219.1
Project("{FAE04EC0-301F-11D3-BF4B-00C04F79EFBC}") = "WebApplication1", "WebApplication1\WebApplication1.csproj", "{ABAC3EBD-7F9E-476C-9741-7B221BDCD8B5}"
EndProject
Project("{FAE04EC0-301F-11D3-BF4B-00C04F79EFBC}") = "WindowsService1", "WindowsService1\WindowsService1.csproj", "{B8A23C56-0194-4BD6-B968-E7B956711F31}"
EndProject
Global
	GlobalSection(SolutionConfigurationPlatforms) = preSolution
		Debug|Any CPU = Debug|Any CPU
		Release|Any CPU = Release|Any CPU
	EndGlobalSection
	GlobalSection(ProjectConfigurationPlatforms) = postSolution
		{ABAC3EBD-7F9E-476C-9741-7B221BDCD8B5}.Debug|Any CPU.ActiveCfg = Debug|Any CPU
		{ABAC3EBD-7F9E-476C-9741-7B221BDCD8B5}.Debug|Any CPU.Build.0 = Debug|Any CPU
		{ABAC3EBD-7F9E-476C-9741-7B221BDCD8B5}.Release|Any CPU.ActiveCfg = Release|Any CPU
		{ABAC3EBD-7F9E-476C-9741-7B221BDCD8B5}.Release|Any CPU.Build.0 = Release|Any CPU
		{B8A23C56-0194-4BD6-B968-E7B956711F31}.Debug|Any CPU.ActiveCfg = Debug|Any CPU
		{B8A23C56-0194-4BD6-B968-E7B956711F31}.Debug|Any CPU.Build.0 = Debug|Any CPU
		{B8A23C56-0194-4BD6-B968-E7B956711F31}.Release|Any CPU.ActiveCfg = Release|Any CPU
		{B8A23C56-0194-4BD6-B968-E7B956711F31}.Release|Any CPU.Build.0 = Release|Any CPU
	EndGlobalSection
	GlobalSection(SolutionProperties) = preSolution
		HideSolutionNode = FALSE
	EndGlobalSection
	GlobalSection(ExtensibilityGlobals) = postSolution
		SolutionGuid = {DFF312CE-9449-425E-927D-2E2DD6F3F0F6}
	EndGlobalSection
EndGlobal
