
Microsoft Visual Studio Solution File, Format Version 12.00
# Visual Studio Version 16
VisualStudioVersion = 16.0.30503.244
MinimumVisualStudioVersion = 10.0.40219.1
Project("{FAE04EC0-301F-11D3-BF4B-00C04F79EFBC}") = "WebApplication1", "WebApplication1\WebApplication1.csproj", "{0716E2F2-F0C4-4E91-AD56-E5C17B6D0E9E}"
EndProject
Project("{FAE04EC0-301F-11D3-BF4B-00C04F79EFBC}") = "WindowsService1", "WindowsService1\WindowsService1.csproj", "{A0F1EAF3-5E18-4A8C-8A5F-A7C638091D14}"
EndProject
Global
	GlobalSection(SolutionConfigurationPlatforms) = preSolution
		Debug|Any CPU = Debug|Any CPU
		Release|Any CPU = Release|Any CPU
	EndGlobalSection
	GlobalSection(ProjectConfigurationPlatforms) = postSolution
		{0716E2F2-F0C4-4E91-AD56-E5C17B6D0E9E}.Debug|Any CPU.ActiveCfg = Debug|Any CPU
		{0716E2F2-F0C4-4E91-AD56-E5C17B6D0E9E}.Debug|Any CPU.Build.0 = Debug|Any CPU
		{0716E2F2-F0C4-4E91-AD56-E5C17B6D0E9E}.Release|Any CPU.ActiveCfg = Release|Any CPU
		{0716E2F2-F0C4-4E91-AD56-E5C17B6D0E9E}.Release|Any CPU.Build.0 = Release|Any CPU
		{A0F1EAF3-5E18-4A8C-8A5F-A7C638091D14}.Debug|Any CPU.ActiveCfg = Debug|Any CPU
		{A0F1EAF3-5E18-4A8C-8A5F-A7C638091D14}.Debug|Any CPU.Build.0 = Debug|Any CPU
		{A0F1EAF3-5E18-4A8C-8A5F-A7C638091D14}.Release|Any CPU.ActiveCfg = Release|Any CPU
		{A0F1EAF3-5E18-4A8C-8A5F-A7C638091D14}.Release|Any CPU.Build.0 = Release|Any CPU
	EndGlobalSection
	GlobalSection(SolutionProperties) = preSolution
		HideSolutionNode = FALSE
	EndGlobalSection
	GlobalSection(ExtensibilityGlobals) = postSolution
		SolutionGuid = {9E66A55A-4BB1-4230-9D09-36F74BB98390}
	EndGlobalSection
EndGlobal
